# THIS IS AN AUTOGENERATED FILE. DO NOT EDIT THIS FILE DIRECTLY.
# yarn lockfile v1


"@openzeppelin/contracts@^4.8.2":
  version "4.8.2"
  resolved "https://registry.yarnpkg.com/@openzeppelin/contracts/-/contracts-4.8.2.tgz#d815ade0027b50beb9bcca67143c6bcc3e3923d6"
  integrity sha512-kEUOgPQszC0fSYWpbh2kT94ltOJwj1qfT2DWo+zVttmGmf97JZ99LspePNaeeaLhCImaHVeBbjaQFZQn7+Zc5g==
